
Microsoft Visual Studio Solution File, Format Version 12.00
# Visual Studio Version 17
VisualStudioVersion = 17.14.36202.13
MinimumVisualStudioVersion = 10.0.40219.1
Project("{FAE04EC0-301F-11D3-BF4B-00C04F79EFBC}") = "AnimesAPI", "AnimesAPI\AnimesAPI.csproj", "{D2B3C57D-DB4F-431D-AF1B-94EEB47EDAF5}"
EndProject
Project("{FAE04EC0-301F-11D3-BF4B-00C04F79EFBC}") = "Animes.Domain", "Core\Animes.Domain.csproj", "{CC0352D3-BDAA-4844-9176-C8397FA53B6D}"
EndProject
Project("{FAE04EC0-301F-11D3-BF4B-00C04F79EFBC}") = "Animes.Application", "Service\Animes.Application.csproj", "{E9F96C52-120E-4E13-9F5C-DE40966EAC82}"
EndProject
Project("{FAE04EC0-301F-11D3-BF4B-00C04F79EFBC}") = "Animes.Infrastructure", "Animes.Infrastructure\Animes.Infrastructure.csproj", "{959D7048-97FA-465A-923D-69DA19D029EC}"
EndProject
Project("{FAE04EC0-301F-11D3-BF4B-00C04F79EFBC}") = "Animes.Application.Tests", "Animes.Application.Tests\Animes.Application.Tests.csproj", "{D256F1D6-96F6-4A56-8927-50FBC28DA58F}"
EndProject
Project("{FAE04EC0-301F-11D3-BF4B-00C04F79EFBC}") = "Animes.API.Tests", "Animes.API.Tests\Animes.API.Tests.csproj", "{8B0AE8BB-12E4-4682-8ECA-524B0AD2223E}"
EndProject
Global
	GlobalSection(SolutionConfigurationPlatforms) = preSolution
		Debug|Any CPU = Debug|Any CPU
		Release|Any CPU = Release|Any CPU
	EndGlobalSection
	GlobalSection(ProjectConfigurationPlatforms) = postSolution
		{D2B3C57D-DB4F-431D-AF1B-94EEB47EDAF5}.Debug|Any CPU.ActiveCfg = Debug|Any CPU
		{D2B3C57D-DB4F-431D-AF1B-94EEB47EDAF5}.Debug|Any CPU.Build.0 = Debug|Any CPU
		{D2B3C57D-DB4F-431D-AF1B-94EEB47EDAF5}.Release|Any CPU.ActiveCfg = Release|Any CPU
		{D2B3C57D-DB4F-431D-AF1B-94EEB47EDAF5}.Release|Any CPU.Build.0 = Release|Any CPU
		{CC0352D3-BDAA-4844-9176-C8397FA53B6D}.Debug|Any CPU.ActiveCfg = Debug|Any CPU
		{CC0352D3-BDAA-4844-9176-C8397FA53B6D}.Debug|Any CPU.Build.0 = Debug|Any CPU
		{CC0352D3-BDAA-4844-9176-C8397FA53B6D}.Release|Any CPU.ActiveCfg = Release|Any CPU
		{CC0352D3-BDAA-4844-9176-C8397FA53B6D}.Release|Any CPU.Build.0 = Release|Any CPU
		{E9F96C52-120E-4E13-9F5C-DE40966EAC82}.Debug|Any CPU.ActiveCfg = Debug|Any CPU
		{E9F96C52-120E-4E13-9F5C-DE40966EAC82}.Debug|Any CPU.Build.0 = Debug|Any CPU
		{E9F96C52-120E-4E13-9F5C-DE40966EAC82}.Release|Any CPU.ActiveCfg = Release|Any CPU
		{E9F96C52-120E-4E13-9F5C-DE40966EAC82}.Release|Any CPU.Build.0 = Release|Any CPU
		{959D7048-97FA-465A-923D-69DA19D029EC}.Debug|Any CPU.ActiveCfg = Debug|Any CPU
		{959D7048-97FA-465A-923D-69DA19D029EC}.Debug|Any CPU.Build.0 = Debug|Any CPU
		{959D7048-97FA-465A-923D-69DA19D029EC}.Release|Any CPU.ActiveCfg = Release|Any CPU
		{959D7048-97FA-465A-923D-69DA19D029EC}.Release|Any CPU.Build.0 = Release|Any CPU
		{D256F1D6-96F6-4A56-8927-50FBC28DA58F}.Debug|Any CPU.ActiveCfg = Debug|Any CPU
		{D256F1D6-96F6-4A56-8927-50FBC28DA58F}.Debug|Any CPU.Build.0 = Debug|Any CPU
		{D256F1D6-96F6-4A56-8927-50FBC28DA58F}.Release|Any CPU.ActiveCfg = Release|Any CPU
		{D256F1D6-96F6-4A56-8927-50FBC28DA58F}.Release|Any CPU.Build.0 = Release|Any CPU
		{8B0AE8BB-12E4-4682-8ECA-524B0AD2223E}.Debug|Any CPU.ActiveCfg = Debug|Any CPU
		{8B0AE8BB-12E4-4682-8ECA-524B0AD2223E}.Debug|Any CPU.Build.0 = Debug|Any CPU
		{8B0AE8BB-12E4-4682-8ECA-524B0AD2223E}.Release|Any CPU.ActiveCfg = Release|Any CPU
		{8B0AE8BB-12E4-4682-8ECA-524B0AD2223E}.Release|Any CPU.Build.0 = Release|Any CPU
	EndGlobalSection
	GlobalSection(SolutionProperties) = preSolution
		HideSolutionNode = FALSE
	EndGlobalSection
	GlobalSection(ExtensibilityGlobals) = postSolution
		SolutionGuid = {D3B32D4A-1A00-4E37-BF9A-5AD06B54E0E6}
	EndGlobalSection
EndGlobal
